
Microsoft Visual Studio Solution File, Format Version 12.00
# Visual Studio Version 17
VisualStudioVersion = 17.8.34330.188
MinimumVisualStudioVersion = 10.0.40219.1
Project("{FAE04EC0-301F-11D3-BF4B-00C04F79EFBC}") = "Lab3_Var7", "Lab3_Var7.csproj", "{E1857F6A-B11E-443E-A641-7268095596D8}"
EndProject
Project("{FAE04EC0-301F-11D3-BF4B-00C04F79EFBC}") = "Tests", "..\Tests\Tests.csproj", "{0C076C4E-7659-4CAF-9AD3-BF719FA57CEA}"
EndProject
Global
	GlobalSection(SolutionConfigurationPlatforms) = preSolution
		Debug|Any CPU = Debug|Any CPU
		Release|Any CPU = Release|Any CPU
	EndGlobalSection
	GlobalSection(ProjectConfigurationPlatforms) = postSolution
		{E1857F6A-B11E-443E-A641-7268095596D8}.Debug|Any CPU.ActiveCfg = Debug|Any CPU
		{E1857F6A-B11E-443E-A641-7268095596D8}.Debug|Any CPU.Build.0 = Debug|Any CPU
		{E1857F6A-B11E-443E-A641-7268095596D8}.Release|Any CPU.ActiveCfg = Release|Any CPU
		{E1857F6A-B11E-443E-A641-7268095596D8}.Release|Any CPU.Build.0 = Release|Any CPU
		{0C076C4E-7659-4CAF-9AD3-BF719FA57CEA}.Debug|Any CPU.ActiveCfg = Debug|Any CPU
		{0C076C4E-7659-4CAF-9AD3-BF719FA57CEA}.Debug|Any CPU.Build.0 = Debug|Any CPU
		{0C076C4E-7659-4CAF-9AD3-BF719FA57CEA}.Release|Any CPU.ActiveCfg = Release|Any CPU
		{0C076C4E-7659-4CAF-9AD3-BF719FA57CEA}.Release|Any CPU.Build.0 = Release|Any CPU
	EndGlobalSection
	GlobalSection(SolutionProperties) = preSolution
		HideSolutionNode = FALSE
	EndGlobalSection
	GlobalSection(ExtensibilityGlobals) = postSolution
		SolutionGuid = {B876B16C-4C8E-4831-A332-0BA234D2793F}
	EndGlobalSection
EndGlobal
